// !$*UTF8*$!
{
	archiveVersion = 1;
	classes = {
	};
	objectVersion = 56;
	objects = {

/* Begin PBXBuildFile section */
		1BED41C32C73F38F00363844 /* FastFoodDealsApp.swift in Sources */ = {isa = PBXBuildFile; fileRef = 1BED41C22C73F38F00363844 /* FastFoodDealsApp.swift */; };
		1BED41C52C73F38F00363844 /* ContentView.swift in Sources */ = {isa = PBXBuildFile; fileRef = 1BED41C42C73F38F00363844 /* ContentView.swift */; };
		1BED41C72C73F39100363844 /* Assets.xcassets in Resources */ = {isa = PBXBuildFile; fileRef = 1BED41C62C73F39100363844 /* Assets.xcassets */; };
		1BED41CA2C73F39100363844 /* Preview Assets.xcassets in Resources */ = {isa = PBXBuildFile; fileRef = 1BED41C92C73F39100363844 /* Preview Assets.xcassets */; };
		1BED41D42C73F39100363844 /* FastFoodDealsTests.swift in Sources */ = {isa = PBXBuildFile; fileRef = 1BED41D32C73F39100363844 /* FastFoodDealsTests.swift */; };
		1BED41DE2C73F39100363844 /* FastFoodDealsUITests.swift in Sources */ = {isa = PBXBuildFile; fileRef = 1BED41DD2C73F39100363844 /* FastFoodDealsUITests.swift */; };
		1BED41E02C73F39100363844 /* FastFoodDealsUITestsLaunchTests.swift in Sources */ = {isa = PBXBuildFile; fileRef = 1BED41DF2C73F39100363844 /* FastFoodDealsUITestsLaunchTests.swift */; };
/* End PBXBuildFile section */

/* Begin PBXContainerItemProxy section */
		1BED41D02C73F39100363844 /* PBXContainerItemProxy */ = {
			isa = PBXContainerItemProxy;
			containerPortal = 1BED41B72C73F38F00363844 /* Project object */;
			proxyType = 1;
			remoteGlobalIDString = 1BED41BE2C73F38F00363844;
			remoteInfo = FastFoodDeals;
		};
		1BED41DA2C73F39100363844 /* PBXContainerItemProxy */ = {
			isa = PBXContainerItemProxy;
			containerPortal = 1BED41B72C73F38F00363844 /* Project object */;
			proxyType = 1;
			remoteGlobalIDString = 1BED41BE2C73F38F00363844;
			remoteInfo = FastFoodDeals;
		};
/* End PBXContainerItemProxy section */

/* Begin PBXFileReference section */
		1BED41BF2C73F38F00363844 /* FastFoodDeals.app */ = {isa = PBXFileReference; explicitFileType = wrapper.application; includeInIndex = 0; path = FastFoodDeals.app; sourceTree = BUILT_PRODUCTS_DIR; };
		1BED41C22C73F38F00363844 /* FastFoodDealsApp.swift */ = {isa = PBXFileReference; lastKnownFileType = sourcecode.swift; path = FastFoodDealsApp.swift; sourceTree = "<group>"; };
		1BED41C42C73F38F00363844 /* ContentView.swift */ = {isa = PBXFileReference; lastKnownFileType = sourcecode.swift; path = ContentView.swift; sourceTree = "<group>"; };
		1BED41C62C73F39100363844 /* Assets.xcassets */ = {isa = PBXFileReference; lastKnownFileType = folder.assetcatalog; path = Assets.xcassets; sourceTree = "<group>"; };
		1BED41C92C73F39100363844 /* Preview Assets.xcassets */ = {isa = PBXFileReference; lastKnownFileType = folder.assetcatalog; path = "Preview Assets.xcassets"; sourceTree = "<group>"; };
		1BED41CF2C73F39100363844 /* FastFoodDealsTests.xctest */ = {isa = PBXFileReference; explicitFileType = wrapper.cfbundle; includeInIndex = 0; path = FastFoodDealsTests.xctest; sourceTree = BUILT_PRODUCTS_DIR; };
		1BED41D32C73F39100363844 /* FastFoodDealsTests.swift */ = {isa = PBXFileReference; lastKnownFileType = sourcecode.swift; path = FastFoodDealsTests.swift; sourceTree = "<group>"; };
		1BED41D92C73F39100363844 /* FastFoodDealsUITests.xctest */ = {isa = PBXFileReference; explicitFileType = wrapper.cfbundle; includeInIndex = 0; path = FastFoodDealsUITests.xctest; sourceTree = BUILT_PRODUCTS_DIR; };
		1BED41DD2C73F39100363844 /* FastFoodDealsUITests.swift */ = {isa = PBXFileReference; lastKnownFileType = sourcecode.swift; path = FastFoodDealsUITests.swift; sourceTree = "<group>"; };
		1BED41DF2C73F39100363844 /* FastFoodDealsUITestsLaunchTests.swift */ = {isa = PBXFileReference; lastKnownFileType = sourcecode.swift; path = FastFoodDealsUITestsLaunchTests.swift; sourceTree = "<group>"; };
/* End PBXFileReference section */

/* Begin PBXFrameworksBuildPhase section */
		1BED41BC2C73F38F00363844 /* Frameworks */ = {
			isa = PBXFrameworksBuildPhase;
			buildActionMask = 2147483647;
			files = (
			);
			runOnlyForDeploymentPostprocessing = 0;
		};
		1BED41CC2C73F39100363844 /* Frameworks */ = {
			isa = PBXFrameworksBuildPhase;
			buildActionMask = 2147483647;
			files = (
			);
			runOnlyForDeploymentPostprocessing = 0;
		};
		1BED41D62C73F39100363844 /* Frameworks */ = {
			isa = PBXFrameworksBuildPhase;
			buildActionMask = 2147483647;
			files = (
			);
			runOnlyForDeploymentPostprocessing = 0;
		};
/* End PBXFrameworksBuildPhase section */

/* Begin PBXGroup section */
		1BED41B62C73F38F00363844 = {
			isa = PBXGroup;
			children = (
				1BED41C12C73F38F00363844 /* FastFoodDeals */,
				1BED41D22C73F39100363844 /* FastFoodDealsTests */,
				1BED41DC2C73F39100363844 /* FastFoodDealsUITests */,
				1BED41C02C73F38F00363844 /* Products */,
			);
			sourceTree = "<group>";
		};
		1BED41C02C73F38F00363844 /* Products */ = {
			isa = PBXGroup;
			children = (
				1BED41BF2C73F38F00363844 /* FastFoodDeals.app */,
				1BED41CF2C73F39100363844 /* FastFoodDealsTests.xctest */,
				1BED41D92C73F39100363844 /* FastFoodDealsUITests.xctest */,
			);
			name = Products;
			sourceTree = "<group>";
		};
		1BED41C12C73F38F00363844 /* FastFoodDeals */ = {
			isa = PBXGroup;
			children = (
				1BED41C22C73F38F00363844 /* FastFoodDealsApp.swift */,
				1BED41C42C73F38F00363844 /* ContentView.swift */,
				1BED41C62C73F39100363844 /* Assets.xcassets */,
				1BED41C82C73F39100363844 /* Preview Content */,
			);
			path = FastFoodDeals;
			sourceTree = "<group>";
		};
		1BED41C82C73F39100363844 /* Preview Content */ = {
			isa = PBXGroup;
			children = (
				1BED41C92C73F39100363844 /* Preview Assets.xcassets */,
			);
			path = "Preview Content";
			sourceTree = "<group>";
		};
		1BED41D22C73F39100363844 /* FastFoodDealsTests */ = {
			isa = PBXGroup;
			children = (
				1BED41D32C73F39100363844 /* FastFoodDealsTests.swift */,
			);
			path = FastFoodDealsTests;
			sourceTree = "<group>";
		};
		1BED41DC2C73F39100363844 /* FastFoodDealsUITests */ = {
			isa = PBXGroup;
			children = (
				1BED41DD2C73F39100363844 /* FastFoodDealsUITests.swift */,
				1BED41DF2C73F39100363844 /* FastFoodDealsUITestsLaunchTests.swift */,
			);
			path = FastFoodDealsUITests;
			sourceTree = "<group>";
		};
/* End PBXGroup section */

/* Begin PBXNativeTarget section */
		1BED41BE2C73F38F00363844 /* FastFoodDeals */ = {
			isa = PBXNativeTarget;
			buildConfigurationList = 1BED41E32C73F39100363844 /* Build configuration list for PBXNativeTarget "FastFoodDeals" */;
			buildPhases = (
				1BED41BB2C73F38F00363844 /* Sources */,
				1BED41BC2C73F38F00363844 /* Frameworks */,
				1BED41BD2C73F38F00363844 /* Resources */,
			);
			buildRules = (
			);
			dependencies = (
			);
			name = FastFoodDeals;
			productName = FastFoodDeals;
			productReference = 1BED41BF2C73F38F00363844 /* FastFoodDeals.app */;
			productType = "com.apple.product-type.application";
		};
		1BED41CE2C73F39100363844 /* FastFoodDealsTests */ = {
			isa = PBXNativeTarget;
			buildConfigurationList = 1BED41E62C73F39100363844 /* Build configuration list for PBXNativeTarget "FastFoodDealsTests" */;
			buildPhases = (
				1BED41CB2C73F39100363844 /* Sources */,
				1BED41CC2C73F39100363844 /* Frameworks */,
				1BED41CD2C73F39100363844 /* Resources */,
			);
			buildRules = (
			);
			dependencies = (
				1BED41D12C73F39100363844 /* PBXTargetDependency */,
			);
			name = FastFoodDealsTests;
			productName = FastFoodDealsTests;
			productReference = 1BED41CF2C73F39100363844 /* FastFoodDealsTests.xctest */;
			productType = "com.apple.product-type.bundle.unit-test";
		};
		1BED41D82C73F39100363844 /* FastFoodDealsUITests */ = {
			isa = PBXNativeTarget;
			buildConfigurationList = 1BED41E92C73F39100363844 /* Build configuration list for PBXNativeTarget "FastFoodDealsUITests" */;
			buildPhases = (
				1BED41D52C73F39100363844 /* Sources */,
				1BED41D62C73F39100363844 /* Frameworks */,
				1BED41D72C73F39100363844 /* Resources */,
			);
			buildRules = (
			);
			dependencies = (
				1BED41DB2C73F39100363844 /* PBXTargetDependency */,
			);
			name = FastFoodDealsUITests;
			productName = FastFoodDealsUITests;
			productReference = 1BED41D92C73F39100363844 /* FastFoodDealsUITests.xctest */;
			productType = "com.apple.product-type.bundle.ui-testing";
		};
/* End PBXNativeTarget section */

/* Begin PBXProject section */
		1BED41B72C73F38F00363844 /* Project object */ = {
			isa = PBXProject;
			attributes = {
				BuildIndependentTargetsInParallel = 1;
				LastSwiftUpdateCheck = 1420;
				LastUpgradeCheck = 1420;
				TargetAttributes = {
					1BED41BE2C73F38F00363844 = {
						CreatedOnToolsVersion = 14.2;
					};
					1BED41CE2C73F39100363844 = {
						CreatedOnToolsVersion = 14.2;
						TestTargetID = 1BED41BE2C73F38F00363844;
					};
					1BED41D82C73F39100363844 = {
						CreatedOnToolsVersion = 14.2;
						TestTargetID = 1BED41BE2C73F38F00363844;
					};
				};
			};
			buildConfigurationList = 1BED41BA2C73F38F00363844 /* Build configuration list for PBXProject "FastFoodDeals" */;
			compatibilityVersion = "Xcode 14.0";
			developmentRegion = en;
			hasScannedForEncodings = 0;
			knownRegions = (
				en,
				Base,
			);
			mainGroup = 1BED41B62C73F38F00363844;
			productRefGroup = 1BED41C02C73F38F00363844 /* Products */;
			projectDirPath = "";
			projectRoot = "";
			targets = (
				1BED41BE2C73F38F00363844 /* FastFoodDeals */,
				1BED41CE2C73F39100363844 /* FastFoodDealsTests */,
				1BED41D82C73F39100363844 /* FastFoodDealsUITests */,
			);
		};
/* End PBXProject section */

/* Begin PBXResourcesBuildPhase section */
		1BED41BD2C73F38F00363844 /* Resources */ = {
			isa = PBXResourcesBuildPhase;
			buildActionMask = 2147483647;
			files = (
				1BED41CA2C73F39100363844 /* Preview Assets.xcassets in Resources */,
				1BED41C72C73F39100363844 /* Assets.xcassets in Resources */,
			);
			runOnlyForDeploymentPostprocessing = 0;
		};
		1BED41CD2C73F39100363844 /* Resources */ = {
			isa = PBXResourcesBuildPhase;
			buildActionMask = 2147483647;
			files = (
			);
			runOnlyForDeploymentPostprocessing = 0;
		};
		1BED41D72C73F39100363844 /* Resources */ = {
			isa = PBXResourcesBuildPhase;
			buildActionMask = 2147483647;
			files = (
			);
			runOnlyForDeploymentPostprocessing = 0;
		};
/* End PBXResourcesBuildPhase section */

/* Begin PBXSourcesBuildPhase section */
		1BED41BB2C73F38F00363844 /* Sources */ = {
			isa = PBXSourcesBuildPhase;
			buildActionMask = 2147483647;
			files = (
				1BED41C52C73F38F00363844 /* ContentView.swift in Sources */,
				1BED41C32C73F38F00363844 /* FastFoodDealsApp.swift in Sources */,
			);
			runOnlyForDeploymentPostprocessing = 0;
		};
		1BED41CB2C73F39100363844 /* Sources */ = {
			isa = PBXSourcesBuildPhase;
			buildActionMask = 2147483647;
			files = (
				1BED41D42C73F39100363844 /* FastFoodDealsTests.swift in Sources */,
			);
			runOnlyForDeploymentPostprocessing = 0;
		};
		1BED41D52C73F39100363844 /* Sources */ = {
			isa = PBXSourcesBuildPhase;
			buildActionMask = 2147483647;
			files = (
				1BED41E02C73F39100363844 /* FastFoodDealsUITestsLaunchTests.swift in Sources */,
				1BED41DE2C73F39100363844 /* FastFoodDealsUITests.swift in Sources */,
			);
			runOnlyForDeploymentPostprocessing = 0;
		};
/* End PBXSourcesBuildPhase section */

/* Begin PBXTargetDependency section */
		1BED41D12C73F39100363844 /* PBXTargetDependency */ = {
			isa = PBXTargetDependency;
			target = 1BED41BE2C73F38F00363844 /* FastFoodDeals */;
			targetProxy = 1BED41D02C73F39100363844 /* PBXContainerItemProxy */;
		};
		1BED41DB2C73F39100363844 /* PBXTargetDependency */ = {
			isa = PBXTargetDependency;
			target = 1BED41BE2C73F38F00363844 /* FastFoodDeals */;
			targetProxy = 1BED41DA2C73F39100363844 /* PBXContainerItemProxy */;
		};
/* End PBXTargetDependency section */

/* Begin XCBuildConfiguration section */
		1BED41E12C73F39100363844 /* Debug */ = {
			isa = XCBuildConfiguration;
			buildSettings = {
				ALWAYS_SEARCH_USER_PATHS = NO;
				CLANG_ANALYZER_NONNULL = YES;
				CLANG_ANALYZER_NUMBER_OBJECT_CONVERSION = YES_AGGRESSIVE;
				CLANG_CXX_LANGUAGE_STANDARD = "gnu++20";
				CLANG_ENABLE_MODULES = YES;
				CLANG_ENABLE_OBJC_ARC = YES;
				CLANG_ENABLE_OBJC_WEAK = YES;
				CLANG_WARN_BLOCK_CAPTURE_AUTORELEASING = YES;
				CLANG_WARN_BOOL_CONVERSION = YES;
				CLANG_WARN_COMMA = YES;
				CLANG_WARN_CONSTANT_CONVERSION = YES;
				CLANG_WARN_DEPRECATED_OBJC_IMPLEMENTATIONS = YES;
				CLANG_WARN_DIRECT_OBJC_ISA_USAGE = YES_ERROR;
				CLANG_WARN_DOCUMENTATION_COMMENTS = YES;
				CLANG_WARN_EMPTY_BODY = YES;
				CLANG_WARN_ENUM_CONVERSION = YES;
				CLANG_WARN_INFINITE_RECURSION = YES;
				CLANG_WARN_INT_CONVERSION = YES;
				CLANG_WARN_NON_LITERAL_NULL_CONVERSION = YES;
				CLANG_WARN_OBJC_IMPLICIT_RETAIN_SELF = YES;
				CLANG_WARN_OBJC_LITERAL_CONVERSION = YES;
				CLANG_WARN_OBJC_ROOT_CLASS = YES_ERROR;
				CLANG_WARN_QUOTED_INCLUDE_IN_FRAMEWORK_HEADER = YES;
				CLANG_WARN_RANGE_LOOP_ANALYSIS = YES;
				CLANG_WARN_STRICT_PROTOTYPES = YES;
				CLANG_WARN_SUSPICIOUS_MOVE = YES;
				CLANG_WARN_UNGUARDED_AVAILABILITY = YES_AGGRESSIVE;
				CLANG_WARN_UNREACHABLE_CODE = YES;
				CLANG_WARN__DUPLICATE_METHOD_MATCH = YES;
				COPY_PHASE_STRIP = NO;
				DEBUG_INFORMATION_FORMAT = dwarf;
				ENABLE_STRICT_OBJC_MSGSEND = YES;
				ENABLE_TESTABILITY = YES;
				GCC_C_LANGUAGE_STANDARD = gnu11;
				GCC_DYNAMIC_NO_PIC = NO;
				GCC_NO_COMMON_BLOCKS = YES;
				GCC_OPTIMIZATION_LEVEL = 0;
				GCC_PREPROCESSOR_DEFINITIONS = (
					"DEBUG=1",
					"$(inherited)",
				);
				GCC_WARN_64_TO_32_BIT_CONVERSION = YES;
				GCC_WARN_ABOUT_RETURN_TYPE = YES_ERROR;
				GCC_WARN_UNDECLARED_SELECTOR = YES;
				GCC_WARN_UNINITIALIZED_AUTOS = YES_AGGRESSIVE;
				GCC_WARN_UNUSED_FUNCTION = YES;
				GCC_WARN_UNUSED_VARIABLE = YES;
				IPHONEOS_DEPLOYMENT_TARGET = 16.2;
				MTL_ENABLE_DEBUG_INFO = INCLUDE_SOURCE;
				MTL_FAST_MATH = YES;
				ONLY_ACTIVE_ARCH = YES;
				SDKROOT = iphoneos;
				SWIFT_ACTIVE_COMPILATION_CONDITIONS = DEBUG;
				SWIFT_OPTIMIZATION_LEVEL = "-Onone";
			};
			name = Debug;
		};
		1BED41E22C73F39100363844 /* Release */ = {
			isa = XCBuildConfiguration;
			buildSettings = {
				ALWAYS_SEARCH_USER_PATHS = NO;
				CLANG_ANALYZER_NONNULL = YES;
				CLANG_ANALYZER_NUMBER_OBJECT_CONVERSION = YES_AGGRESSIVE;
				CLANG_CXX_LANGUAGE_STANDARD = "gnu++20";
				CLANG_ENABLE_MODULES = YES;
				CLANG_ENABLE_OBJC_ARC = YES;
				CLANG_ENABLE_OBJC_WEAK = YES;
				CLANG_WARN_BLOCK_CAPTURE_AUTORELEASING = YES;
				CLANG_WARN_BOOL_CONVERSION = YES;
				CLANG_WARN_COMMA = YES;
				CLANG_WARN_CONSTANT_CONVERSION = YES;
				CLANG_WARN_DEPRECATED_OBJC_IMPLEMENTATIONS = YES;
				CLANG_WARN_DIRECT_OBJC_ISA_USAGE = YES_ERROR;
				CLANG_WARN_DOCUMENTATION_COMMENTS = YES;
				CLANG_WARN_EMPTY_BODY = YES;
				CLANG_WARN_ENUM_CONVERSION = YES;
				CLANG_WARN_INFINITE_RECURSION = YES;
				CLANG_WARN_INT_CONVERSION = YES;
				CLANG_WARN_NON_LITERAL_NULL_CONVERSION = YES;
				CLANG_WARN_OBJC_IMPLICIT_RETAIN_SELF = YES;
				CLANG_WARN_OBJC_LITERAL_CONVERSION = YES;
				CLANG_WARN_OBJC_ROOT_CLASS = YES_ERROR;
				CLANG_WARN_QUOTED_INCLUDE_IN_FRAMEWORK_HEADER = YES;
				CLANG_WARN_RANGE_LOOP_ANALYSIS = YES;
				CLANG_WARN_STRICT_PROTOTYPES = YES;
				CLANG_WARN_SUSPICIOUS_MOVE = YES;
				CLANG_WARN_UNGUARDED_AVAILABILITY = YES_AGGRESSIVE;
				CLANG_WARN_UNREACHABLE_CODE = YES;
				CLANG_WARN__DUPLICATE_METHOD_MATCH = YES;
				COPY_PHASE_STRIP = NO;
				DEBUG_INFORMATION_FORMAT = "dwarf-with-dsym";
				ENABLE_NS_ASSERTIONS = NO;
				ENABLE_STRICT_OBJC_MSGSEND = YES;
				GCC_C_LANGUAGE_STANDARD = gnu11;
				GCC_NO_COMMON_BLOCKS = YES;
				GCC_WARN_64_TO_32_BIT_CONVERSION = YES;
				GCC_WARN_ABOUT_RETURN_TYPE = YES_ERROR;
				GCC_WARN_UNDECLARED_SELECTOR = YES;
				GCC_WARN_UNINITIALIZED_AUTOS = YES_AGGRESSIVE;
				GCC_WARN_UNUSED_FUNCTION = YES;
				GCC_WARN_UNUSED_VARIABLE = YES;
				IPHONEOS_DEPLOYMENT_TARGET = 16.2;
				MTL_ENABLE_DEBUG_INFO = NO;
				MTL_FAST_MATH = YES;
				SDKROOT = iphoneos;
				SWIFT_COMPILATION_MODE = wholemodule;
				SWIFT_OPTIMIZATION_LEVEL = "-O";
				VALIDATE_PRODUCT = YES;
			};
			name = Release;
		};
		1BED41E42C73F39100363844 /* Debug */ = {
			isa = XCBuildConfiguration;
			buildSettings = {
				ASSETCATALOG_COMPILER_APPICON_NAME = AppIcon;
				ASSETCATALOG_COMPILER_GLOBAL_ACCENT_COLOR_NAME = AccentColor;
				CODE_SIGN_STYLE = Automatic;
				CURRENT_PROJECT_VERSION = 1;
				DEVELOPMENT_ASSET_PATHS = "\"FastFoodDeals/Preview Content\"";
				ENABLE_PREVIEWS = YES;
				GENERATE_INFOPLIST_FILE = YES;
				INFOPLIST_KEY_UIApplicationSceneManifest_Generation = YES;
				INFOPLIST_KEY_UIApplicationSupportsIndirectInputEvents = YES;
				INFOPLIST_KEY_UILaunchScreen_Generation = YES;
				INFOPLIST_KEY_UISupportedInterfaceOrientations_iPad = "UIInterfaceOrientationPortrait UIInterfaceOrientationPortraitUpsideDown UIInterfaceOrientationLandscapeLeft UIInterfaceOrientationLandscapeRight";
				INFOPLIST_KEY_UISupportedInterfaceOrientations_iPhone = "UIInterfaceOrientationPortrait UIInterfaceOrientationLandscapeLeft UIInterfaceOrientationLandscapeRight";
				LD_RUNPATH_SEARCH_PATHS = (
					"$(inherited)",
					"@executable_path/Frameworks",
				);
				MARKETING_VERSION = 1.0;
				PRODUCT_BUNDLE_IDENTIFIER = learning.FastFoodDeals;
				PRODUCT_NAME = "$(TARGET_NAME)";
				SWIFT_EMIT_LOC_STRINGS = YES;
				SWIFT_VERSION = 5.0;
				TARGETED_DEVICE_FAMILY = "1,2";
			};
			name = Debug;
		};
		1BED41E52C73F39100363844 /* Release */ = {
			isa = XCBuildConfiguration;
			buildSettings = {
				ASSETCATALOG_COMPILER_APPICON_NAME = AppIcon;
				ASSETCATALOG_COMPILER_GLOBAL_ACCENT_COLOR_NAME = AccentColor;
				CODE_SIGN_STYLE = Automatic;
				CURRENT_PROJECT_VERSION = 1;
				DEVELOPMENT_ASSET_PATHS = "\"FastFoodDeals/Preview Content\"";
				ENABLE_PREVIEWS = YES;
				GENERATE_INFOPLIST_FILE = YES;
				INFOPLIST_KEY_UIApplicationSceneManifest_Generation = YES;
				INFOPLIST_KEY_UIApplicationSupportsIndirectInputEvents = YES;
				INFOPLIST_KEY_UILaunchScreen_Generation = YES;
				INFOPLIST_KEY_UISupportedInterfaceOrientations_iPad = "UIInterfaceOrientationPortrait UIInterfaceOrientationPortraitUpsideDown UIInterfaceOrientationLandscapeLeft UIInterfaceOrientationLandscapeRight";
				INFOPLIST_KEY_UISupportedInterfaceOrientations_iPhone = "UIInterfaceOrientationPortrait UIInterfaceOrientationLandscapeLeft UIInterfaceOrientationLandscapeRight";
				LD_RUNPATH_SEARCH_PATHS = (
					"$(inherited)",
					"@executable_path/Frameworks",
				);
				MARKETING_VERSION = 1.0;
				PRODUCT_BUNDLE_IDENTIFIER = learning.FastFoodDeals;
				PRODUCT_NAME = "$(TARGET_NAME)";
				SWIFT_EMIT_LOC_STRINGS = YES;
				SWIFT_VERSION = 5.0;
				TARGETED_DEVICE_FAMILY = "1,2";
			};
			name = Release;
		};
		1BED41E72C73F39100363844 /* Debug */ = {
			isa = XCBuildConfiguration;
			buildSettings = {
				ALWAYS_EMBED_SWIFT_STANDARD_LIBRARIES = YES;
				BUNDLE_LOADER = "$(TEST_HOST)";
				CODE_SIGN_STYLE = Automatic;
				CURRENT_PROJECT_VERSION = 1;
				GENERATE_INFOPLIST_FILE = YES;
				IPHONEOS_DEPLOYMENT_TARGET = 16.2;
				MARKETING_VERSION = 1.0;
				PRODUCT_BUNDLE_IDENTIFIER = learning.FastFoodDealsTests;
				PRODUCT_NAME = "$(TARGET_NAME)";
				SWIFT_EMIT_LOC_STRINGS = NO;
				SWIFT_VERSION = 5.0;
				TARGETED_DEVICE_FAMILY = "1,2";
				TEST_HOST = "$(BUILT_PRODUCTS_DIR)/FastFoodDeals.app/$(BUNDLE_EXECUTABLE_FOLDER_PATH)/FastFoodDeals";
			};
			name = Debug;
		};
		1BED41E82C73F39100363844 /* Release */ = {
			isa = XCBuildConfiguration;
			buildSettings = {
				ALWAYS_EMBED_SWIFT_STANDARD_LIBRARIES = YES;
				BUNDLE_LOADER = "$(TEST_HOST)";
				CODE_SIGN_STYLE = Automatic;
				CURRENT_PROJECT_VERSION = 1;
				GENERATE_INFOPLIST_FILE = YES;
				IPHONEOS_DEPLOYMENT_TARGET = 16.2;
				MARKETING_VERSION = 1.0;
				PRODUCT_BUNDLE_IDENTIFIER = learning.FastFoodDealsTests;
				PRODUCT_NAME = "$(TARGET_NAME)";
				SWIFT_EMIT_LOC_STRINGS = NO;
				SWIFT_VERSION = 5.0;
				TARGETED_DEVICE_FAMILY = "1,2";
				TEST_HOST = "$(BUILT_PRODUCTS_DIR)/FastFoodDeals.app/$(BUNDLE_EXECUTABLE_FOLDER_PATH)/FastFoodDeals";
			};
			name = Release;
		};
		1BED41EA2C73F39100363844 /* Debug */ = {
			isa = XCBuildConfiguration;
			buildSettings = {
				ALWAYS_EMBED_SWIFT_STANDARD_LIBRARIES = YES;
				CODE_SIGN_STYLE = Automatic;
				CURRENT_PROJECT_VERSION = 1;
				GENERATE_INFOPLIST_FILE = YES;
				MARKETING_VERSION = 1.0;
				PRODUCT_BUNDLE_IDENTIFIER = learning.FastFoodDealsUITests;
				PRODUCT_NAME = "$(TARGET_NAME)";
				SWIFT_EMIT_LOC_STRINGS = NO;
				SWIFT_VERSION = 5.0;
				TARGETED_DEVICE_FAMILY = "1,2";
				TEST_TARGET_NAME = FastFoodDeals;
			};
			name = Debug;
		};
		1BED41EB2C73F39100363844 /* Release */ = {
			isa = XCBuildConfiguration;
			buildSettings = {
				ALWAYS_EMBED_SWIFT_STANDARD_LIBRARIES = YES;
				CODE_SIGN_STYLE = Automatic;
				CURRENT_PROJECT_VERSION = 1;
				GENERATE_INFOPLIST_FILE = YES;
				MARKETING_VERSION = 1.0;
				PRODUCT_BUNDLE_IDENTIFIER = learning.FastFoodDealsUITests;
				PRODUCT_NAME = "$(TARGET_NAME)";
				SWIFT_EMIT_LOC_STRINGS = NO;
				SWIFT_VERSION = 5.0;
				TARGETED_DEVICE_FAMILY = "1,2";
				TEST_TARGET_NAME = FastFoodDeals;
			};
			name = Release;
		};
/* End XCBuildConfiguration section */

/* Begin XCConfigurationList section */
		1BED41BA2C73F38F00363844 /* Build configuration list for PBXProject "FastFoodDeals" */ = {
			isa = XCConfigurationList;
			buildConfigurations = (
				1BED41E12C73F39100363844 /* Debug */,
				1BED41E22C73F39100363844 /* Release */,
			);
			defaultConfigurationIsVisible = 0;
			defaultConfigurationName = Release;
		};
		1BED41E32C73F39100363844 /* Build configuration list for PBXNativeTarget "FastFoodDeals" */ = {
			isa = XCConfigurationList;
			buildConfigurations = (
				1BED41E42C73F39100363844 /* Debug */,
				1BED41E52C73F39100363844 /* Release */,
			);
			defaultConfigurationIsVisible = 0;
			defaultConfigurationName = Release;
		};
		1BED41E62C73F39100363844 /* Build configuration list for PBXNativeTarget "FastFoodDealsTests" */ = {
			isa = XCConfigurationList;
			buildConfigurations = (
				1BED41E72C73F39100363844 /* Debug */,
				1BED41E82C73F39100363844 /* Release */,
			);
			defaultConfigurationIsVisible = 0;
			defaultConfigurationName = Release;
		};
		1BED41E92C73F39100363844 /* Build configuration list for PBXNativeTarget "FastFoodDealsUITests" */ = {
			isa = XCConfigurationList;
			buildConfigurations = (
				1BED41EA2C73F39100363844 /* Debug */,
				1BED41EB2C73F39100363844 /* Release */,
			);
			defaultConfigurationIsVisible = 0;
			defaultConfigurationName = Release;
		};
/* End XCConfigurationList section */
	};
	rootObject = 1BED41B72C73F38F00363844 /* Project object */;
}
